
Microsoft Visual Studio Solution File, Format Version 12.00
# Visual Studio Version 17
VisualStudioVersion = 17.4.33213.308
MinimumVisualStudioVersion = 10.0.40219.1
Project("{FAE04EC0-301F-11D3-BF4B-00C04F79EFBC}") = "Non-Generic SortedList", "Non-Generic SortedList\Non-Generic SortedList.csproj", "{A5193265-DD57-47DB-905F-DA39E7D8A941}"
EndProject
Global
	GlobalSection(SolutionConfigurationPlatforms) = preSolution
		Debug|Any CPU = Debug|Any CPU
		Release|Any CPU = Release|Any CPU
	EndGlobalSection
	GlobalSection(ProjectConfigurationPlatforms) = postSolution
		{A5193265-DD57-47DB-905F-DA39E7D8A941}.Debug|Any CPU.ActiveCfg = Debug|Any CPU
		{A5193265-DD57-47DB-905F-DA39E7D8A941}.Debug|Any CPU.Build.0 = Debug|Any CPU
		{A5193265-DD57-47DB-905F-DA39E7D8A941}.Release|Any CPU.ActiveCfg = Release|Any CPU
		{A5193265-DD57-47DB-905F-DA39E7D8A941}.Release|Any CPU.Build.0 = Release|Any CPU
	EndGlobalSection
	GlobalSection(SolutionProperties) = preSolution
		HideSolutionNode = FALSE
	EndGlobalSection
	GlobalSection(ExtensibilityGlobals) = postSolution
		SolutionGuid = {AEEA13A7-3FD4-4CA6-9D72-D55FA56CD228}
	EndGlobalSection
EndGlobal
