
Microsoft Visual Studio Solution File, Format Version 12.00
# Visual Studio Version 17
VisualStudioVersion = 17.4.33213.308
MinimumVisualStudioVersion = 10.0.40219.1
Project("{FAE04EC0-301F-11D3-BF4B-00C04F79EFBC}") = "Tuples Exercise", "Tuples Exercise\Tuples Exercise.csproj", "{B17D31B5-FAC4-4102-8D4D-7FEDD30177E2}"
EndProject
Global
	GlobalSection(SolutionConfigurationPlatforms) = preSolution
		Debug|Any CPU = Debug|Any CPU
		Release|Any CPU = Release|Any CPU
	EndGlobalSection
	GlobalSection(ProjectConfigurationPlatforms) = postSolution
		{B17D31B5-FAC4-4102-8D4D-7FEDD30177E2}.Debug|Any CPU.ActiveCfg = Debug|Any CPU
		{B17D31B5-FAC4-4102-8D4D-7FEDD30177E2}.Debug|Any CPU.Build.0 = Debug|Any CPU
		{B17D31B5-FAC4-4102-8D4D-7FEDD30177E2}.Release|Any CPU.ActiveCfg = Release|Any CPU
		{B17D31B5-FAC4-4102-8D4D-7FEDD30177E2}.Release|Any CPU.Build.0 = Release|Any CPU
	EndGlobalSection
	GlobalSection(SolutionProperties) = preSolution
		HideSolutionNode = FALSE
	EndGlobalSection
	GlobalSection(ExtensibilityGlobals) = postSolution
		SolutionGuid = {1A2B2A20-BED7-47F3-AFA8-4B5FB33D5672}
	EndGlobalSection
EndGlobal
