
Microsoft Visual Studio Solution File, Format Version 12.00
# Visual Studio Version 17
VisualStudioVersion = 17.4.33213.308
MinimumVisualStudioVersion = 10.0.40219.1
Project("{FAE04EC0-301F-11D3-BF4B-00C04F79EFBC}") = "Non-generic arraylist", "Non-generic arraylist\Non-generic arraylist.csproj", "{6494D6FA-FDDF-4916-8719-DD03F9E8A9BA}"
EndProject
Global
	GlobalSection(SolutionConfigurationPlatforms) = preSolution
		Debug|Any CPU = Debug|Any CPU
		Release|Any CPU = Release|Any CPU
	EndGlobalSection
	GlobalSection(ProjectConfigurationPlatforms) = postSolution
		{6494D6FA-FDDF-4916-8719-DD03F9E8A9BA}.Debug|Any CPU.ActiveCfg = Debug|Any CPU
		{6494D6FA-FDDF-4916-8719-DD03F9E8A9BA}.Debug|Any CPU.Build.0 = Debug|Any CPU
		{6494D6FA-FDDF-4916-8719-DD03F9E8A9BA}.Release|Any CPU.ActiveCfg = Release|Any CPU
		{6494D6FA-FDDF-4916-8719-DD03F9E8A9BA}.Release|Any CPU.Build.0 = Release|Any CPU
	EndGlobalSection
	GlobalSection(SolutionProperties) = preSolution
		HideSolutionNode = FALSE
	EndGlobalSection
	GlobalSection(ExtensibilityGlobals) = postSolution
		SolutionGuid = {6000A9AA-8C82-4004-9210-E82D874A3113}
	EndGlobalSection
EndGlobal
