
Microsoft Visual Studio Solution File, Format Version 12.00
# Visual Studio Version 17
VisualStudioVersion = 17.4.33213.308
MinimumVisualStudioVersion = 10.0.40219.1
Project("{FAE04EC0-301F-11D3-BF4B-00C04F79EFBC}") = "CyptoGraphy", "CyptoGraphy\CyptoGraphy.csproj", "{6EF342FE-DA97-4688-A035-26FFF0CBF969}"
EndProject
Global
	GlobalSection(SolutionConfigurationPlatforms) = preSolution
		Debug|Any CPU = Debug|Any CPU
		Release|Any CPU = Release|Any CPU
	EndGlobalSection
	GlobalSection(ProjectConfigurationPlatforms) = postSolution
		{6EF342FE-DA97-4688-A035-26FFF0CBF969}.Debug|Any CPU.ActiveCfg = Debug|Any CPU
		{6EF342FE-DA97-4688-A035-26FFF0CBF969}.Debug|Any CPU.Build.0 = Debug|Any CPU
		{6EF342FE-DA97-4688-A035-26FFF0CBF969}.Release|Any CPU.ActiveCfg = Release|Any CPU
		{6EF342FE-DA97-4688-A035-26FFF0CBF969}.Release|Any CPU.Build.0 = Release|Any CPU
	EndGlobalSection
	GlobalSection(SolutionProperties) = preSolution
		HideSolutionNode = FALSE
	EndGlobalSection
	GlobalSection(ExtensibilityGlobals) = postSolution
		SolutionGuid = {1D00FFB0-AA31-4955-9F58-BC99D1937DB4}
	EndGlobalSection
EndGlobal
