
Microsoft Visual Studio Solution File, Format Version 12.00
# Visual Studio Version 17
VisualStudioVersion = 17.4.33213.308
MinimumVisualStudioVersion = 10.0.40219.1
Project("{FAE04EC0-301F-11D3-BF4B-00C04F79EFBC}") = "Vehicle inheritance exercise", "Vehicle inheritance exercise\Vehicle inheritance exercise.csproj", "{ADB942E3-C57C-4DB8-8FEE-E88D7DD69FCF}"
EndProject
Global
	GlobalSection(SolutionConfigurationPlatforms) = preSolution
		Debug|Any CPU = Debug|Any CPU
		Release|Any CPU = Release|Any CPU
	EndGlobalSection
	GlobalSection(ProjectConfigurationPlatforms) = postSolution
		{ADB942E3-C57C-4DB8-8FEE-E88D7DD69FCF}.Debug|Any CPU.ActiveCfg = Debug|Any CPU
		{ADB942E3-C57C-4DB8-8FEE-E88D7DD69FCF}.Debug|Any CPU.Build.0 = Debug|Any CPU
		{ADB942E3-C57C-4DB8-8FEE-E88D7DD69FCF}.Release|Any CPU.ActiveCfg = Release|Any CPU
		{ADB942E3-C57C-4DB8-8FEE-E88D7DD69FCF}.Release|Any CPU.Build.0 = Release|Any CPU
	EndGlobalSection
	GlobalSection(SolutionProperties) = preSolution
		HideSolutionNode = FALSE
	EndGlobalSection
	GlobalSection(ExtensibilityGlobals) = postSolution
		SolutionGuid = {AF50AEFD-EC6A-4F34-B7FD-2E9CCB96BF40}
	EndGlobalSection
EndGlobal
