
Microsoft Visual Studio Solution File, Format Version 12.00
# Visual Studio Version 17
VisualStudioVersion = 17.4.33213.308
MinimumVisualStudioVersion = 10.0.40219.1
Project("{FAE04EC0-301F-11D3-BF4B-00C04F79EFBC}") = "Nested Tuples", "Nested Tuples\Nested Tuples.csproj", "{D43B69A3-FBB0-49FA-89D5-DD24281B41EF}"
EndProject
Global
	GlobalSection(SolutionConfigurationPlatforms) = preSolution
		Debug|Any CPU = Debug|Any CPU
		Release|Any CPU = Release|Any CPU
	EndGlobalSection
	GlobalSection(ProjectConfigurationPlatforms) = postSolution
		{D43B69A3-FBB0-49FA-89D5-DD24281B41EF}.Debug|Any CPU.ActiveCfg = Debug|Any CPU
		{D43B69A3-FBB0-49FA-89D5-DD24281B41EF}.Debug|Any CPU.Build.0 = Debug|Any CPU
		{D43B69A3-FBB0-49FA-89D5-DD24281B41EF}.Release|Any CPU.ActiveCfg = Release|Any CPU
		{D43B69A3-FBB0-49FA-89D5-DD24281B41EF}.Release|Any CPU.Build.0 = Release|Any CPU
	EndGlobalSection
	GlobalSection(SolutionProperties) = preSolution
		HideSolutionNode = FALSE
	EndGlobalSection
	GlobalSection(ExtensibilityGlobals) = postSolution
		SolutionGuid = {96854487-0582-4C62-B363-01B1BBAA69F3}
	EndGlobalSection
EndGlobal
