
Microsoft Visual Studio Solution File, Format Version 12.00
# Visual Studio Version 17
VisualStudioVersion = 17.4.33213.308
MinimumVisualStudioVersion = 10.0.40219.1
Project("{FAE04EC0-301F-11D3-BF4B-00C04F79EFBC}") = "Managing Threads", "Managing Threads\Managing Threads.csproj", "{2A567739-6B50-482D-9159-76FA7A6C43A7}"
EndProject
Global
	GlobalSection(SolutionConfigurationPlatforms) = preSolution
		Debug|Any CPU = Debug|Any CPU
		Release|Any CPU = Release|Any CPU
	EndGlobalSection
	GlobalSection(ProjectConfigurationPlatforms) = postSolution
		{2A567739-6B50-482D-9159-76FA7A6C43A7}.Debug|Any CPU.ActiveCfg = Debug|Any CPU
		{2A567739-6B50-482D-9159-76FA7A6C43A7}.Debug|Any CPU.Build.0 = Debug|Any CPU
		{2A567739-6B50-482D-9159-76FA7A6C43A7}.Release|Any CPU.ActiveCfg = Release|Any CPU
		{2A567739-6B50-482D-9159-76FA7A6C43A7}.Release|Any CPU.Build.0 = Release|Any CPU
	EndGlobalSection
	GlobalSection(SolutionProperties) = preSolution
		HideSolutionNode = FALSE
	EndGlobalSection
	GlobalSection(ExtensibilityGlobals) = postSolution
		SolutionGuid = {DA727825-2C65-43C7-BE26-DAA5B265D605}
	EndGlobalSection
EndGlobal
