
Microsoft Visual Studio Solution File, Format Version 12.00
# Visual Studio Version 17
VisualStudioVersion = 17.4.33213.308
MinimumVisualStudioVersion = 10.0.40219.1
Project("{FAE04EC0-301F-11D3-BF4B-00C04F79EFBC}") = "Nested Functions", "Nested Functions\Nested Functions.csproj", "{83FF30C4-13A4-46CB-991F-F6009A091E31}"
EndProject
Global
	GlobalSection(SolutionConfigurationPlatforms) = preSolution
		Debug|Any CPU = Debug|Any CPU
		Release|Any CPU = Release|Any CPU
	EndGlobalSection
	GlobalSection(ProjectConfigurationPlatforms) = postSolution
		{83FF30C4-13A4-46CB-991F-F6009A091E31}.Debug|Any CPU.ActiveCfg = Debug|Any CPU
		{83FF30C4-13A4-46CB-991F-F6009A091E31}.Debug|Any CPU.Build.0 = Debug|Any CPU
		{83FF30C4-13A4-46CB-991F-F6009A091E31}.Release|Any CPU.ActiveCfg = Release|Any CPU
		{83FF30C4-13A4-46CB-991F-F6009A091E31}.Release|Any CPU.Build.0 = Release|Any CPU
	EndGlobalSection
	GlobalSection(SolutionProperties) = preSolution
		HideSolutionNode = FALSE
	EndGlobalSection
	GlobalSection(ExtensibilityGlobals) = postSolution
		SolutionGuid = {EC6AE54A-5501-4B9B-AB2C-C871B2E87249}
	EndGlobalSection
EndGlobal
