
Microsoft Visual Studio Solution File, Format Version 12.00
# Visual Studio Version 17
VisualStudioVersion = 17.4.33213.308
MinimumVisualStudioVersion = 10.0.40219.1
Project("{FAE04EC0-301F-11D3-BF4B-00C04F79EFBC}") = "Extenion Methds", "Extenion Methds\Extenion Methds.csproj", "{DE9E12A7-35B0-4A6B-8EF2-D859840A2609}"
EndProject
Global
	GlobalSection(SolutionConfigurationPlatforms) = preSolution
		Debug|Any CPU = Debug|Any CPU
		Release|Any CPU = Release|Any CPU
	EndGlobalSection
	GlobalSection(ProjectConfigurationPlatforms) = postSolution
		{DE9E12A7-35B0-4A6B-8EF2-D859840A2609}.Debug|Any CPU.ActiveCfg = Debug|Any CPU
		{DE9E12A7-35B0-4A6B-8EF2-D859840A2609}.Debug|Any CPU.Build.0 = Debug|Any CPU
		{DE9E12A7-35B0-4A6B-8EF2-D859840A2609}.Release|Any CPU.ActiveCfg = Release|Any CPU
		{DE9E12A7-35B0-4A6B-8EF2-D859840A2609}.Release|Any CPU.Build.0 = Release|Any CPU
	EndGlobalSection
	GlobalSection(SolutionProperties) = preSolution
		HideSolutionNode = FALSE
	EndGlobalSection
	GlobalSection(ExtensibilityGlobals) = postSolution
		SolutionGuid = {D8CB7AD5-279A-4177-A761-53F6E1525A7B}
	EndGlobalSection
EndGlobal
