
Microsoft Visual Studio Solution File, Format Version 12.00
# Visual Studio Version 17
VisualStudioVersion = 17.4.33213.308
MinimumVisualStudioVersion = 10.0.40219.1
Project("{FAE04EC0-301F-11D3-BF4B-00C04F79EFBC}") = "A_W_A_M_L_E", "A_W_A_M_L_E\A_W_A_M_L_E.csproj", "{EE2A4575-5889-415C-A30D-8CA6406C56CB}"
EndProject
Global
	GlobalSection(SolutionConfigurationPlatforms) = preSolution
		Debug|Any CPU = Debug|Any CPU
		Release|Any CPU = Release|Any CPU
	EndGlobalSection
	GlobalSection(ProjectConfigurationPlatforms) = postSolution
		{EE2A4575-5889-415C-A30D-8CA6406C56CB}.Debug|Any CPU.ActiveCfg = Debug|Any CPU
		{EE2A4575-5889-415C-A30D-8CA6406C56CB}.Debug|Any CPU.Build.0 = Debug|Any CPU
		{EE2A4575-5889-415C-A30D-8CA6406C56CB}.Release|Any CPU.ActiveCfg = Release|Any CPU
		{EE2A4575-5889-415C-A30D-8CA6406C56CB}.Release|Any CPU.Build.0 = Release|Any CPU
	EndGlobalSection
	GlobalSection(SolutionProperties) = preSolution
		HideSolutionNode = FALSE
	EndGlobalSection
	GlobalSection(ExtensibilityGlobals) = postSolution
		SolutionGuid = {A7723DA8-ECB4-46D0-86A0-3A99ECB56233}
	EndGlobalSection
EndGlobal
