
Microsoft Visual Studio Solution File, Format Version 12.00
# Visual Studio Version 17
VisualStudioVersion = 17.4.33213.308
MinimumVisualStudioVersion = 10.0.40219.1
Project("{FAE04EC0-301F-11D3-BF4B-00C04F79EFBC}") = "Multithreaded Application", "Multithreaded Application\Multithreaded Application.csproj", "{4AE4EC87-B363-416A-B4D1-DC2202921FD2}"
EndProject
Global
	GlobalSection(SolutionConfigurationPlatforms) = preSolution
		Debug|Any CPU = Debug|Any CPU
		Release|Any CPU = Release|Any CPU
	EndGlobalSection
	GlobalSection(ProjectConfigurationPlatforms) = postSolution
		{4AE4EC87-B363-416A-B4D1-DC2202921FD2}.Debug|Any CPU.ActiveCfg = Debug|Any CPU
		{4AE4EC87-B363-416A-B4D1-DC2202921FD2}.Debug|Any CPU.Build.0 = Debug|Any CPU
		{4AE4EC87-B363-416A-B4D1-DC2202921FD2}.Release|Any CPU.ActiveCfg = Release|Any CPU
		{4AE4EC87-B363-416A-B4D1-DC2202921FD2}.Release|Any CPU.Build.0 = Release|Any CPU
	EndGlobalSection
	GlobalSection(SolutionProperties) = preSolution
		HideSolutionNode = FALSE
	EndGlobalSection
	GlobalSection(ExtensibilityGlobals) = postSolution
		SolutionGuid = {B0E2C653-A411-4A8A-92DF-60BA69908160}
	EndGlobalSection
EndGlobal
