
Microsoft Visual Studio Solution File, Format Version 12.00
# Visual Studio Version 17
VisualStudioVersion = 17.4.33213.308
MinimumVisualStudioVersion = 10.0.40219.1
Project("{FAE04EC0-301F-11D3-BF4B-00C04F79EFBC}") = "Generic Dictionary", "Generic Dictionary\Generic Dictionary.csproj", "{A49FB997-3A7E-49F7-86CE-FC37A7AC2F6B}"
EndProject
Global
	GlobalSection(SolutionConfigurationPlatforms) = preSolution
		Debug|Any CPU = Debug|Any CPU
		Release|Any CPU = Release|Any CPU
	EndGlobalSection
	GlobalSection(ProjectConfigurationPlatforms) = postSolution
		{A49FB997-3A7E-49F7-86CE-FC37A7AC2F6B}.Debug|Any CPU.ActiveCfg = Debug|Any CPU
		{A49FB997-3A7E-49F7-86CE-FC37A7AC2F6B}.Debug|Any CPU.Build.0 = Debug|Any CPU
		{A49FB997-3A7E-49F7-86CE-FC37A7AC2F6B}.Release|Any CPU.ActiveCfg = Release|Any CPU
		{A49FB997-3A7E-49F7-86CE-FC37A7AC2F6B}.Release|Any CPU.Build.0 = Release|Any CPU
	EndGlobalSection
	GlobalSection(SolutionProperties) = preSolution
		HideSolutionNode = FALSE
	EndGlobalSection
	GlobalSection(ExtensibilityGlobals) = postSolution
		SolutionGuid = {F901F6BF-CD42-41F2-9599-FB1EEF48F52A}
	EndGlobalSection
EndGlobal
