
Microsoft Visual Studio Solution File, Format Version 12.00
# Visual Studio Version 17
VisualStudioVersion = 17.4.33213.308
MinimumVisualStudioVersion = 10.0.40219.1
Project("{FAE04EC0-301F-11D3-BF4B-00C04F79EFBC}") = "Inheritanes", "Inheritanes\Inheritanes.csproj", "{B7AD5B44-5D4C-4013-813F-03C9502887DB}"
EndProject
Global
	GlobalSection(SolutionConfigurationPlatforms) = preSolution
		Debug|Any CPU = Debug|Any CPU
		Release|Any CPU = Release|Any CPU
	EndGlobalSection
	GlobalSection(ProjectConfigurationPlatforms) = postSolution
		{B7AD5B44-5D4C-4013-813F-03C9502887DB}.Debug|Any CPU.ActiveCfg = Debug|Any CPU
		{B7AD5B44-5D4C-4013-813F-03C9502887DB}.Debug|Any CPU.Build.0 = Debug|Any CPU
		{B7AD5B44-5D4C-4013-813F-03C9502887DB}.Release|Any CPU.ActiveCfg = Release|Any CPU
		{B7AD5B44-5D4C-4013-813F-03C9502887DB}.Release|Any CPU.Build.0 = Release|Any CPU
	EndGlobalSection
	GlobalSection(SolutionProperties) = preSolution
		HideSolutionNode = FALSE
	EndGlobalSection
	GlobalSection(ExtensibilityGlobals) = postSolution
		SolutionGuid = {25885140-6595-4703-A932-8EEE84E1DD32}
	EndGlobalSection
EndGlobal
