
Microsoft Visual Studio Solution File, Format Version 12.00
# Visual Studio Version 17
VisualStudioVersion = 17.4.33213.308
MinimumVisualStudioVersion = 10.0.40219.1
Project("{FAE04EC0-301F-11D3-BF4B-00C04F79EFBC}") = "List of Animals and Trainers Exercise", "List of Animals and Trainers Exercise\List of Animals and Trainers Exercise.csproj", "{7E1E5351-4523-4049-8422-32F1C49FB978}"
EndProject
Global
	GlobalSection(SolutionConfigurationPlatforms) = preSolution
		Debug|Any CPU = Debug|Any CPU
		Release|Any CPU = Release|Any CPU
	EndGlobalSection
	GlobalSection(ProjectConfigurationPlatforms) = postSolution
		{7E1E5351-4523-4049-8422-32F1C49FB978}.Debug|Any CPU.ActiveCfg = Debug|Any CPU
		{7E1E5351-4523-4049-8422-32F1C49FB978}.Debug|Any CPU.Build.0 = Debug|Any CPU
		{7E1E5351-4523-4049-8422-32F1C49FB978}.Release|Any CPU.ActiveCfg = Release|Any CPU
		{7E1E5351-4523-4049-8422-32F1C49FB978}.Release|Any CPU.Build.0 = Release|Any CPU
	EndGlobalSection
	GlobalSection(SolutionProperties) = preSolution
		HideSolutionNode = FALSE
	EndGlobalSection
	GlobalSection(ExtensibilityGlobals) = postSolution
		SolutionGuid = {794853BB-1C3B-415A-93F4-1A6755B73EFB}
	EndGlobalSection
EndGlobal
