
Microsoft Visual Studio Solution File, Format Version 12.00
# Visual Studio Version 17
VisualStudioVersion = 17.4.33213.308
MinimumVisualStudioVersion = 10.0.40219.1
Project("{FAE04EC0-301F-11D3-BF4B-00C04F79EFBC}") = "Generic List T", "Generic List T\Generic List T.csproj", "{AB9085EC-C50B-4D52-8501-BC07939C36A3}"
EndProject
Global
	GlobalSection(SolutionConfigurationPlatforms) = preSolution
		Debug|Any CPU = Debug|Any CPU
		Release|Any CPU = Release|Any CPU
	EndGlobalSection
	GlobalSection(ProjectConfigurationPlatforms) = postSolution
		{AB9085EC-C50B-4D52-8501-BC07939C36A3}.Debug|Any CPU.ActiveCfg = Debug|Any CPU
		{AB9085EC-C50B-4D52-8501-BC07939C36A3}.Debug|Any CPU.Build.0 = Debug|Any CPU
		{AB9085EC-C50B-4D52-8501-BC07939C36A3}.Release|Any CPU.ActiveCfg = Release|Any CPU
		{AB9085EC-C50B-4D52-8501-BC07939C36A3}.Release|Any CPU.Build.0 = Release|Any CPU
	EndGlobalSection
	GlobalSection(SolutionProperties) = preSolution
		HideSolutionNode = FALSE
	EndGlobalSection
	GlobalSection(ExtensibilityGlobals) = postSolution
		SolutionGuid = {7A16EFBE-147B-4EDD-B393-C8BF2FFB2654}
	EndGlobalSection
EndGlobal
