
Microsoft Visual Studio Solution File, Format Version 12.00
# Visual Studio Version 17
VisualStudioVersion = 17.4.33213.308
MinimumVisualStudioVersion = 10.0.40219.1
Project("{FAE04EC0-301F-11D3-BF4B-00C04F79EFBC}") = "Generic Sorted Dectionary", "Generic Sorted Dectionary\Generic Sorted Dectionary.csproj", "{23BD30CC-D95E-42CD-80D8-B224B5B01E18}"
EndProject
Global
	GlobalSection(SolutionConfigurationPlatforms) = preSolution
		Debug|Any CPU = Debug|Any CPU
		Release|Any CPU = Release|Any CPU
	EndGlobalSection
	GlobalSection(ProjectConfigurationPlatforms) = postSolution
		{23BD30CC-D95E-42CD-80D8-B224B5B01E18}.Debug|Any CPU.ActiveCfg = Debug|Any CPU
		{23BD30CC-D95E-42CD-80D8-B224B5B01E18}.Debug|Any CPU.Build.0 = Debug|Any CPU
		{23BD30CC-D95E-42CD-80D8-B224B5B01E18}.Release|Any CPU.ActiveCfg = Release|Any CPU
		{23BD30CC-D95E-42CD-80D8-B224B5B01E18}.Release|Any CPU.Build.0 = Release|Any CPU
	EndGlobalSection
	GlobalSection(SolutionProperties) = preSolution
		HideSolutionNode = FALSE
	EndGlobalSection
	GlobalSection(ExtensibilityGlobals) = postSolution
		SolutionGuid = {A5973DB1-5161-43E3-9149-81D569E9C907}
	EndGlobalSection
EndGlobal
