
Microsoft Visual Studio Solution File, Format Version 12.00
# Visual Studio Version 17
VisualStudioVersion = 17.4.33213.308
MinimumVisualStudioVersion = 10.0.40219.1
Project("{FAE04EC0-301F-11D3-BF4B-00C04F79EFBC}") = "Generic Classes", "Generic Classes\Generic Classes.csproj", "{90EBDCE3-8512-4D54-AC10-AAE1CA13D1EB}"
EndProject
Global
	GlobalSection(SolutionConfigurationPlatforms) = preSolution
		Debug|Any CPU = Debug|Any CPU
		Release|Any CPU = Release|Any CPU
	EndGlobalSection
	GlobalSection(ProjectConfigurationPlatforms) = postSolution
		{90EBDCE3-8512-4D54-AC10-AAE1CA13D1EB}.Debug|Any CPU.ActiveCfg = Debug|Any CPU
		{90EBDCE3-8512-4D54-AC10-AAE1CA13D1EB}.Debug|Any CPU.Build.0 = Debug|Any CPU
		{90EBDCE3-8512-4D54-AC10-AAE1CA13D1EB}.Release|Any CPU.ActiveCfg = Release|Any CPU
		{90EBDCE3-8512-4D54-AC10-AAE1CA13D1EB}.Release|Any CPU.Build.0 = Release|Any CPU
	EndGlobalSection
	GlobalSection(SolutionProperties) = preSolution
		HideSolutionNode = FALSE
	EndGlobalSection
	GlobalSection(ExtensibilityGlobals) = postSolution
		SolutionGuid = {C74D523B-9702-40EE-9EB8-1EE8191331F5}
	EndGlobalSection
EndGlobal
