
Microsoft Visual Studio Solution File, Format Version 12.00
# Visual Studio Version 17
VisualStudioVersion = 17.4.33213.308
MinimumVisualStudioVersion = 10.0.40219.1
Project("{FAE04EC0-301F-11D3-BF4B-00C04F79EFBC}") = "Orienteds", "Orienteds\Orienteds.csproj", "{A300C632-BE4E-4EBE-924A-ED1FD5361C34}"
EndProject
Global
	GlobalSection(SolutionConfigurationPlatforms) = preSolution
		Debug|Any CPU = Debug|Any CPU
		Release|Any CPU = Release|Any CPU
	EndGlobalSection
	GlobalSection(ProjectConfigurationPlatforms) = postSolution
		{A300C632-BE4E-4EBE-924A-ED1FD5361C34}.Debug|Any CPU.ActiveCfg = Debug|Any CPU
		{A300C632-BE4E-4EBE-924A-ED1FD5361C34}.Debug|Any CPU.Build.0 = Debug|Any CPU
		{A300C632-BE4E-4EBE-924A-ED1FD5361C34}.Release|Any CPU.ActiveCfg = Release|Any CPU
		{A300C632-BE4E-4EBE-924A-ED1FD5361C34}.Release|Any CPU.Build.0 = Release|Any CPU
	EndGlobalSection
	GlobalSection(SolutionProperties) = preSolution
		HideSolutionNode = FALSE
	EndGlobalSection
	GlobalSection(ExtensibilityGlobals) = postSolution
		SolutionGuid = {17B0A52E-204D-43F3-B11A-1D8231E7221C}
	EndGlobalSection
EndGlobal
